
Microsoft Visual Studio Solution File, Format Version 12.00
# Visual Studio Version 17
VisualStudioVersion = 17.13.35825.156 d17.13
MinimumVisualStudioVersion = 10.0.40219.1
Project("{FAE04EC0-301F-11D3-BF4B-00C04F79EFBC}") = "ImageClassficationCoin", "ImageClassficationCoin.csproj", "{548FC4B1-88C3-471A-91BD-E1D4123240C7}"
EndProject
Project("{FAE04EC0-301F-11D3-BF4B-00C04F79EFBC}") = "MLModel_WebApi2", "..\MLModel_WebApi2\MLModel_WebApi2.csproj", "{9708BFB2-EFA7-DD38-E614-AE6816961E3D}"
EndProject
Global
	GlobalSection(SolutionConfigurationPlatforms) = preSolution
		Debug|Any CPU = Debug|Any CPU
		Release|Any CPU = Release|Any CPU
	EndGlobalSection
	GlobalSection(ProjectConfigurationPlatforms) = postSolution
		{548FC4B1-88C3-471A-91BD-E1D4123240C7}.Debug|Any CPU.ActiveCfg = Debug|Any CPU
		{548FC4B1-88C3-471A-91BD-E1D4123240C7}.Debug|Any CPU.Build.0 = Debug|Any CPU
		{548FC4B1-88C3-471A-91BD-E1D4123240C7}.Release|Any CPU.ActiveCfg = Release|Any CPU
		{548FC4B1-88C3-471A-91BD-E1D4123240C7}.Release|Any CPU.Build.0 = Release|Any CPU
		{9708BFB2-EFA7-DD38-E614-AE6816961E3D}.Debug|Any CPU.ActiveCfg = Debug|Any CPU
		{9708BFB2-EFA7-DD38-E614-AE6816961E3D}.Debug|Any CPU.Build.0 = Debug|Any CPU
		{9708BFB2-EFA7-DD38-E614-AE6816961E3D}.Release|Any CPU.ActiveCfg = Release|Any CPU
		{9708BFB2-EFA7-DD38-E614-AE6816961E3D}.Release|Any CPU.Build.0 = Release|Any CPU
	EndGlobalSection
	GlobalSection(SolutionProperties) = preSolution
		HideSolutionNode = FALSE
	EndGlobalSection
	GlobalSection(ExtensibilityGlobals) = postSolution
		SolutionGuid = {CC713A92-1E66-426F-BCE0-D0B21FCCC7C6}
	EndGlobalSection
EndGlobal
